// !$*UTF8*$!
{
	archiveVersion = 1;
	classes = {
	};
	objectVersion = 56;
	objects = {

/* Begin PBXBuildFile section */
		8879302A29D3FC0700781B31 /* Candito_6_Week_ProgramApp.swift in Sources */ = {isa = PBXBuildFile; fileRef = 8879302929D3FC0700781B31 /* Candito_6_Week_ProgramApp.swift */; };
		8879302C29D3FC0700781B31 /* TabsView.swift in Sources */ = {isa = PBXBuildFile; fileRef = 8879302B29D3FC0700781B31 /* TabsView.swift */; };
		8879302E29D3FC0800781B31 /* Assets.xcassets in Resources */ = {isa = PBXBuildFile; fileRef = 8879302D29D3FC0800781B31 /* Assets.xcassets */; };
		8879303229D3FC0800781B31 /* Preview Assets.xcassets in Resources */ = {isa = PBXBuildFile; fileRef = 8879303129D3FC0800781B31 /* Preview Assets.xcassets */; };
		8879303C29D3FE3500781B31 /* PRsView.swift in Sources */ = {isa = PBXBuildFile; fileRef = 8879303B29D3FE3500781B31 /* PRsView.swift */; };
		8879303E29D3FE3E00781B31 /* WeeksView.swift in Sources */ = {isa = PBXBuildFile; fileRef = 8879303D29D3FE3E00781B31 /* WeeksView.swift */; };
		8879304529D4091F00781B31 /* InitialData.swift in Sources */ = {isa = PBXBuildFile; fileRef = 8879304429D4091F00781B31 /* InitialData.swift */; };
		8879304B29D4E76800781B31 /* WeekCardView.swift in Sources */ = {isa = PBXBuildFile; fileRef = 8879304A29D4E76800781B31 /* WeekCardView.swift */; };
		8879304D29D4E7FC00781B31 /* WeekDetailView.swift in Sources */ = {isa = PBXBuildFile; fileRef = 8879304C29D4E7FC00781B31 /* WeekDetailView.swift */; };
/* End PBXBuildFile section */

/* Begin PBXFileReference section */
		8879302629D3FC0700781B31 /* Candito 6 Week Program.app */ = {isa = PBXFileReference; explicitFileType = wrapper.application; includeInIndex = 0; path = "Candito 6 Week Program.app"; sourceTree = BUILT_PRODUCTS_DIR; };
		8879302929D3FC0700781B31 /* Candito_6_Week_ProgramApp.swift */ = {isa = PBXFileReference; lastKnownFileType = sourcecode.swift; path = Candito_6_Week_ProgramApp.swift; sourceTree = "<group>"; };
		8879302B29D3FC0700781B31 /* TabsView.swift */ = {isa = PBXFileReference; lastKnownFileType = sourcecode.swift; path = TabsView.swift; sourceTree = "<group>"; };
		8879302D29D3FC0800781B31 /* Assets.xcassets */ = {isa = PBXFileReference; lastKnownFileType = folder.assetcatalog; path = Assets.xcassets; sourceTree = "<group>"; };
		8879302F29D3FC0800781B31 /* Candito_6_Week_Program.entitlements */ = {isa = PBXFileReference; lastKnownFileType = text.plist.entitlements; path = Candito_6_Week_Program.entitlements; sourceTree = "<group>"; };
		8879303129D3FC0800781B31 /* Preview Assets.xcassets */ = {isa = PBXFileReference; lastKnownFileType = folder.assetcatalog; path = "Preview Assets.xcassets"; sourceTree = "<group>"; };
		8879303B29D3FE3500781B31 /* PRsView.swift */ = {isa = PBXFileReference; lastKnownFileType = sourcecode.swift; path = PRsView.swift; sourceTree = "<group>"; };
		8879303D29D3FE3E00781B31 /* WeeksView.swift */ = {isa = PBXFileReference; lastKnownFileType = sourcecode.swift; path = WeeksView.swift; sourceTree = "<group>"; };
		8879304429D4091F00781B31 /* InitialData.swift */ = {isa = PBXFileReference; lastKnownFileType = sourcecode.swift; path = InitialData.swift; sourceTree = "<group>"; };
		8879304A29D4E76800781B31 /* WeekCardView.swift */ = {isa = PBXFileReference; lastKnownFileType = sourcecode.swift; path = WeekCardView.swift; sourceTree = "<group>"; };
		8879304C29D4E7FC00781B31 /* WeekDetailView.swift */ = {isa = PBXFileReference; lastKnownFileType = sourcecode.swift; path = WeekDetailView.swift; sourceTree = "<group>"; };
/* End PBXFileReference section */

/* Begin PBXFrameworksBuildPhase section */
		8879302329D3FC0700781B31 /* Frameworks */ = {
			isa = PBXFrameworksBuildPhase;
			buildActionMask = 2147483647;
			files = (
			);
			runOnlyForDeploymentPostprocessing = 0;
		};
/* End PBXFrameworksBuildPhase section */

/* Begin PBXGroup section */
		8879301D29D3FC0700781B31 = {
			isa = PBXGroup;
			children = (
				8879302829D3FC0700781B31 /* Candito 6 Week Program */,
				8879302729D3FC0700781B31 /* Products */,
			);
			sourceTree = "<group>";
		};
		8879302729D3FC0700781B31 /* Products */ = {
			isa = PBXGroup;
			children = (
				8879302629D3FC0700781B31 /* Candito 6 Week Program.app */,
			);
			name = Products;
			sourceTree = "<group>";
		};
		8879302829D3FC0700781B31 /* Candito 6 Week Program */ = {
			isa = PBXGroup;
			children = (
				8879304129D4075A00781B31 /* Model */,
				8879302F29D3FC0800781B31 /* Candito_6_Week_Program.entitlements */,
				8879302D29D3FC0800781B31 /* Assets.xcassets */,
				8879303829D3FD4E00781B31 /* App */,
				8879303929D3FD5700781B31 /* Views */,
				8879303029D3FC0800781B31 /* Preview Content */,
			);
			path = "Candito 6 Week Program";
			sourceTree = "<group>";
		};
		8879303029D3FC0800781B31 /* Preview Content */ = {
			isa = PBXGroup;
			children = (
				8879303129D3FC0800781B31 /* Preview Assets.xcassets */,
			);
			path = "Preview Content";
			sourceTree = "<group>";
		};
		8879303829D3FD4E00781B31 /* App */ = {
			isa = PBXGroup;
			children = (
				8879302929D3FC0700781B31 /* Candito_6_Week_ProgramApp.swift */,
			);
			path = App;
			sourceTree = "<group>";
		};
		8879303929D3FD5700781B31 /* Views */ = {
			isa = PBXGroup;
			children = (
				8879302B29D3FC0700781B31 /* TabsView.swift */,
				8879303B29D3FE3500781B31 /* PRsView.swift */,
				8879303D29D3FE3E00781B31 /* WeeksView.swift */,
				8879304A29D4E76800781B31 /* WeekCardView.swift */,
				8879304C29D4E7FC00781B31 /* WeekDetailView.swift */,
			);
			path = Views;
			sourceTree = "<group>";
		};
		8879304129D4075A00781B31 /* Model */ = {
			isa = PBXGroup;
			children = (
				8879304429D4091F00781B31 /* InitialData.swift */,
			);
			path = Model;
			sourceTree = "<group>";
		};
/* End PBXGroup section */

/* Begin PBXNativeTarget section */
		8879302529D3FC0700781B31 /* Candito 6 Week Program */ = {
			isa = PBXNativeTarget;
			buildConfigurationList = 8879303529D3FC0800781B31 /* Build configuration list for PBXNativeTarget "Candito 6 Week Program" */;
			buildPhases = (
				8879302229D3FC0700781B31 /* Sources */,
				8879302329D3FC0700781B31 /* Frameworks */,
				8879302429D3FC0700781B31 /* Resources */,
			);
			buildRules = (
			);
			dependencies = (
			);
			name = "Candito 6 Week Program";
			productName = "Candito 6 Week Program";
			productReference = 8879302629D3FC0700781B31 /* Candito 6 Week Program.app */;
			productType = "com.apple.product-type.application";
		};
/* End PBXNativeTarget section */

/* Begin PBXProject section */
		8879301E29D3FC0700781B31 /* Project object */ = {
			isa = PBXProject;
			attributes = {
				BuildIndependentTargetsInParallel = 1;
				LastSwiftUpdateCheck = 1420;
				LastUpgradeCheck = 1420;
				TargetAttributes = {
					8879302529D3FC0700781B31 = {
						CreatedOnToolsVersion = 14.2;
					};
				};
			};
			buildConfigurationList = 8879302129D3FC0700781B31 /* Build configuration list for PBXProject "Candito 6 Week Program" */;
			compatibilityVersion = "Xcode 14.0";
			developmentRegion = en;
			hasScannedForEncodings = 0;
			knownRegions = (
				en,
				Base,
			);
			mainGroup = 8879301D29D3FC0700781B31;
			productRefGroup = 8879302729D3FC0700781B31 /* Products */;
			projectDirPath = "";
			projectRoot = "";
			targets = (
				8879302529D3FC0700781B31 /* Candito 6 Week Program */,
			);
		};
/* End PBXProject section */

/* Begin PBXResourcesBuildPhase section */
		8879302429D3FC0700781B31 /* Resources */ = {
			isa = PBXResourcesBuildPhase;
			buildActionMask = 2147483647;
			files = (
				8879303229D3FC0800781B31 /* Preview Assets.xcassets in Resources */,
				8879302E29D3FC0800781B31 /* Assets.xcassets in Resources */,
			);
			runOnlyForDeploymentPostprocessing = 0;
		};
/* End PBXResourcesBuildPhase section */

/* Begin PBXSourcesBuildPhase section */
		8879302229D3FC0700781B31 /* Sources */ = {
			isa = PBXSourcesBuildPhase;
			buildActionMask = 2147483647;
			files = (
				8879302C29D3FC0700781B31 /* TabsView.swift in Sources */,
				8879303C29D3FE3500781B31 /* PRsView.swift in Sources */,
				8879302A29D3FC0700781B31 /* Candito_6_Week_ProgramApp.swift in Sources */,
				8879303E29D3FE3E00781B31 /* WeeksView.swift in Sources */,
				8879304B29D4E76800781B31 /* WeekCardView.swift in Sources */,
				8879304529D4091F00781B31 /* InitialData.swift in Sources */,
				8879304D29D4E7FC00781B31 /* WeekDetailView.swift in Sources */,
			);
			runOnlyForDeploymentPostprocessing = 0;
		};
/* End PBXSourcesBuildPhase section */

/* Begin XCBuildConfiguration section */
		8879303329D3FC0800781B31 /* Debug */ = {
			isa = XCBuildConfiguration;
			buildSettings = {
				ALWAYS_SEARCH_USER_PATHS = NO;
				CLANG_ANALYZER_NONNULL = YES;
				CLANG_ANALYZER_NUMBER_OBJECT_CONVERSION = YES_AGGRESSIVE;
				CLANG_CXX_LANGUAGE_STANDARD = "gnu++20";
				CLANG_ENABLE_MODULES = YES;
				CLANG_ENABLE_OBJC_ARC = YES;
				CLANG_ENABLE_OBJC_WEAK = YES;
				CLANG_WARN_BLOCK_CAPTURE_AUTORELEASING = YES;
				CLANG_WARN_BOOL_CONVERSION = YES;
				CLANG_WARN_COMMA = YES;
				CLANG_WARN_CONSTANT_CONVERSION = YES;
				CLANG_WARN_DEPRECATED_OBJC_IMPLEMENTATIONS = YES;
				CLANG_WARN_DIRECT_OBJC_ISA_USAGE = YES_ERROR;
				CLANG_WARN_DOCUMENTATION_COMMENTS = YES;
				CLANG_WARN_EMPTY_BODY = YES;
				CLANG_WARN_ENUM_CONVERSION = YES;
				CLANG_WARN_INFINITE_RECURSION = YES;
				CLANG_WARN_INT_CONVERSION = YES;
				CLANG_WARN_NON_LITERAL_NULL_CONVERSION = YES;
				CLANG_WARN_OBJC_IMPLICIT_RETAIN_SELF = YES;
				CLANG_WARN_OBJC_LITERAL_CONVERSION = YES;
				CLANG_WARN_OBJC_ROOT_CLASS = YES_ERROR;
				CLANG_WARN_QUOTED_INCLUDE_IN_FRAMEWORK_HEADER = YES;
				CLANG_WARN_RANGE_LOOP_ANALYSIS = YES;
				CLANG_WARN_STRICT_PROTOTYPES = YES;
				CLANG_WARN_SUSPICIOUS_MOVE = YES;
				CLANG_WARN_UNGUARDED_AVAILABILITY = YES_AGGRESSIVE;
				CLANG_WARN_UNREACHABLE_CODE = YES;
				CLANG_WARN__DUPLICATE_METHOD_MATCH = YES;
				COPY_PHASE_STRIP = NO;
				DEBUG_INFORMATION_FORMAT = dwarf;
				ENABLE_STRICT_OBJC_MSGSEND = YES;
				ENABLE_TESTABILITY = YES;
				GCC_C_LANGUAGE_STANDARD = gnu11;
				GCC_DYNAMIC_NO_PIC = NO;
				GCC_NO_COMMON_BLOCKS = YES;
				GCC_OPTIMIZATION_LEVEL = 0;
				GCC_PREPROCESSOR_DEFINITIONS = (
					"DEBUG=1",
					"$(inherited)",
				);
				GCC_WARN_64_TO_32_BIT_CONVERSION = YES;
				GCC_WARN_ABOUT_RETURN_TYPE = YES_ERROR;
				GCC_WARN_UNDECLARED_SELECTOR = YES;
				GCC_WARN_UNINITIALIZED_AUTOS = YES_AGGRESSIVE;
				GCC_WARN_UNUSED_FUNCTION = YES;
				GCC_WARN_UNUSED_VARIABLE = YES;
				MTL_ENABLE_DEBUG_INFO = INCLUDE_SOURCE;
				MTL_FAST_MATH = YES;
				ONLY_ACTIVE_ARCH = YES;
				SWIFT_ACTIVE_COMPILATION_CONDITIONS = DEBUG;
				SWIFT_OPTIMIZATION_LEVEL = "-Onone";
			};
			name = Debug;
		};
		8879303429D3FC0800781B31 /* Release */ = {
			isa = XCBuildConfiguration;
			buildSettings = {
				ALWAYS_SEARCH_USER_PATHS = NO;
				CLANG_ANALYZER_NONNULL = YES;
				CLANG_ANALYZER_NUMBER_OBJECT_CONVERSION = YES_AGGRESSIVE;
				CLANG_CXX_LANGUAGE_STANDARD = "gnu++20";
				CLANG_ENABLE_MODULES = YES;
				CLANG_ENABLE_OBJC_ARC = YES;
				CLANG_ENABLE_OBJC_WEAK = YES;
				CLANG_WARN_BLOCK_CAPTURE_AUTORELEASING = YES;
				CLANG_WARN_BOOL_CONVERSION = YES;
				CLANG_WARN_COMMA = YES;
				CLANG_WARN_CONSTANT_CONVERSION = YES;
				CLANG_WARN_DEPRECATED_OBJC_IMPLEMENTATIONS = YES;
				CLANG_WARN_DIRECT_OBJC_ISA_USAGE = YES_ERROR;
				CLANG_WARN_DOCUMENTATION_COMMENTS = YES;
				CLANG_WARN_EMPTY_BODY = YES;
				CLANG_WARN_ENUM_CONVERSION = YES;
				CLANG_WARN_INFINITE_RECURSION = YES;
				CLANG_WARN_INT_CONVERSION = YES;
				CLANG_WARN_NON_LITERAL_NULL_CONVERSION = YES;
				CLANG_WARN_OBJC_IMPLICIT_RETAIN_SELF = YES;
				CLANG_WARN_OBJC_LITERAL_CONVERSION = YES;
				CLANG_WARN_OBJC_ROOT_CLASS = YES_ERROR;
				CLANG_WARN_QUOTED_INCLUDE_IN_FRAMEWORK_HEADER = YES;
				CLANG_WARN_RANGE_LOOP_ANALYSIS = YES;
				CLANG_WARN_STRICT_PROTOTYPES = YES;
				CLANG_WARN_SUSPICIOUS_MOVE = YES;
				CLANG_WARN_UNGUARDED_AVAILABILITY = YES_AGGRESSIVE;
				CLANG_WARN_UNREACHABLE_CODE = YES;
				CLANG_WARN__DUPLICATE_METHOD_MATCH = YES;
				COPY_PHASE_STRIP = NO;
				DEBUG_INFORMATION_FORMAT = "dwarf-with-dsym";
				ENABLE_NS_ASSERTIONS = NO;
				ENABLE_STRICT_OBJC_MSGSEND = YES;
				GCC_C_LANGUAGE_STANDARD = gnu11;
				GCC_NO_COMMON_BLOCKS = YES;
				GCC_WARN_64_TO_32_BIT_CONVERSION = YES;
				GCC_WARN_ABOUT_RETURN_TYPE = YES_ERROR;
				GCC_WARN_UNDECLARED_SELECTOR = YES;
				GCC_WARN_UNINITIALIZED_AUTOS = YES_AGGRESSIVE;
				GCC_WARN_UNUSED_FUNCTION = YES;
				GCC_WARN_UNUSED_VARIABLE = YES;
				MTL_ENABLE_DEBUG_INFO = NO;
				MTL_FAST_MATH = YES;
				SWIFT_COMPILATION_MODE = wholemodule;
				SWIFT_OPTIMIZATION_LEVEL = "-O";
			};
			name = Release;
		};
		8879303629D3FC0800781B31 /* Debug */ = {
			isa = XCBuildConfiguration;
			buildSettings = {
				ASSETCATALOG_COMPILER_APPICON_NAME = AppIcon;
				ASSETCATALOG_COMPILER_GLOBAL_ACCENT_COLOR_NAME = AccentColor;
				CODE_SIGN_ENTITLEMENTS = "Candito 6 Week Program/Candito_6_Week_Program.entitlements";
				CODE_SIGN_STYLE = Automatic;
				CURRENT_PROJECT_VERSION = 1;
				DEVELOPMENT_ASSET_PATHS = "\"Candito 6 Week Program/Preview Content\"";
				DEVELOPMENT_TEAM = Y4M7R9GY2K;
				ENABLE_PREVIEWS = YES;
				GENERATE_INFOPLIST_FILE = YES;
				"INFOPLIST_KEY_UIApplicationSceneManifest_Generation[sdk=iphoneos*]" = YES;
				"INFOPLIST_KEY_UIApplicationSceneManifest_Generation[sdk=iphonesimulator*]" = YES;
				"INFOPLIST_KEY_UIApplicationSupportsIndirectInputEvents[sdk=iphoneos*]" = YES;
				"INFOPLIST_KEY_UIApplicationSupportsIndirectInputEvents[sdk=iphonesimulator*]" = YES;
				"INFOPLIST_KEY_UILaunchScreen_Generation[sdk=iphoneos*]" = YES;
				"INFOPLIST_KEY_UILaunchScreen_Generation[sdk=iphonesimulator*]" = YES;
				"INFOPLIST_KEY_UIStatusBarStyle[sdk=iphoneos*]" = UIStatusBarStyleDefault;
				"INFOPLIST_KEY_UIStatusBarStyle[sdk=iphonesimulator*]" = UIStatusBarStyleDefault;
				INFOPLIST_KEY_UISupportedInterfaceOrientations_iPad = "UIInterfaceOrientationPortrait UIInterfaceOrientationPortraitUpsideDown UIInterfaceOrientationLandscapeLeft UIInterfaceOrientationLandscapeRight";
				INFOPLIST_KEY_UISupportedInterfaceOrientations_iPhone = "UIInterfaceOrientationPortrait UIInterfaceOrientationLandscapeLeft UIInterfaceOrientationLandscapeRight";
				IPHONEOS_DEPLOYMENT_TARGET = 16.2;
				LD_RUNPATH_SEARCH_PATHS = "@executable_path/Frameworks";
				"LD_RUNPATH_SEARCH_PATHS[sdk=macosx*]" = "@executable_path/../Frameworks";
				MACOSX_DEPLOYMENT_TARGET = 13.1;
				MARKETING_VERSION = 1.0;
				PRODUCT_BUNDLE_IDENTIFIER = "com.shivambhatoolaul.Candito-6-Week-Program";
				PRODUCT_NAME = "$(TARGET_NAME)";
				SDKROOT = auto;
				SUPPORTED_PLATFORMS = "iphoneos iphonesimulator macosx";
				SWIFT_EMIT_LOC_STRINGS = YES;
				SWIFT_VERSION = 5.0;
				TARGETED_DEVICE_FAMILY = "1,2";
			};
			name = Debug;
		};
		8879303729D3FC0800781B31 /* Release */ = {
			isa = XCBuildConfiguration;
			buildSettings = {
				ASSETCATALOG_COMPILER_APPICON_NAME = AppIcon;
				ASSETCATALOG_COMPILER_GLOBAL_ACCENT_COLOR_NAME = AccentColor;
				CODE_SIGN_ENTITLEMENTS = "Candito 6 Week Program/Candito_6_Week_Program.entitlements";
				CODE_SIGN_STYLE = Automatic;
				CURRENT_PROJECT_VERSION = 1;
				DEVELOPMENT_ASSET_PATHS = "\"Candito 6 Week Program/Preview Content\"";
				DEVELOPMENT_TEAM = Y4M7R9GY2K;
				ENABLE_PREVIEWS = YES;
				GENERATE_INFOPLIST_FILE = YES;
				"INFOPLIST_KEY_UIApplicationSceneManifest_Generation[sdk=iphoneos*]" = YES;
				"INFOPLIST_KEY_UIApplicationSceneManifest_Generation[sdk=iphonesimulator*]" = YES;
				"INFOPLIST_KEY_UIApplicationSupportsIndirectInputEvents[sdk=iphoneos*]" = YES;
				"INFOPLIST_KEY_UIApplicationSupportsIndirectInputEvents[sdk=iphonesimulator*]" = YES;
				"INFOPLIST_KEY_UILaunchScreen_Generation[sdk=iphoneos*]" = YES;
				"INFOPLIST_KEY_UILaunchScreen_Generation[sdk=iphonesimulator*]" = YES;
				"INFOPLIST_KEY_UIStatusBarStyle[sdk=iphoneos*]" = UIStatusBarStyleDefault;
				"INFOPLIST_KEY_UIStatusBarStyle[sdk=iphonesimulator*]" = UIStatusBarStyleDefault;
				INFOPLIST_KEY_UISupportedInterfaceOrientations_iPad = "UIInterfaceOrientationPortrait UIInterfaceOrientationPortraitUpsideDown UIInterfaceOrientationLandscapeLeft UIInterfaceOrientationLandscapeRight";
				INFOPLIST_KEY_UISupportedInterfaceOrientations_iPhone = "UIInterfaceOrientationPortrait UIInterfaceOrientationLandscapeLeft UIInterfaceOrientationLandscapeRight";
				IPHONEOS_DEPLOYMENT_TARGET = 16.2;
				LD_RUNPATH_SEARCH_PATHS = "@executable_path/Frameworks";
				"LD_RUNPATH_SEARCH_PATHS[sdk=macosx*]" = "@executable_path/../Frameworks";
				MACOSX_DEPLOYMENT_TARGET = 13.1;
				MARKETING_VERSION = 1.0;
				PRODUCT_BUNDLE_IDENTIFIER = "com.shivambhatoolaul.Candito-6-Week-Program";
				PRODUCT_NAME = "$(TARGET_NAME)";
				SDKROOT = auto;
				SUPPORTED_PLATFORMS = "iphoneos iphonesimulator macosx";
				SWIFT_EMIT_LOC_STRINGS = YES;
				SWIFT_VERSION = 5.0;
				TARGETED_DEVICE_FAMILY = "1,2";
			};
			name = Release;
		};
/* End XCBuildConfiguration section */

/* Begin XCConfigurationList section */
		8879302129D3FC0700781B31 /* Build configuration list for PBXProject "Candito 6 Week Program" */ = {
			isa = XCConfigurationList;
			buildConfigurations = (
				8879303329D3FC0800781B31 /* Debug */,
				8879303429D3FC0800781B31 /* Release */,
			);
			defaultConfigurationIsVisible = 0;
			defaultConfigurationName = Release;
		};
		8879303529D3FC0800781B31 /* Build configuration list for PBXNativeTarget "Candito 6 Week Program" */ = {
			isa = XCConfigurationList;
			buildConfigurations = (
				8879303629D3FC0800781B31 /* Debug */,
				8879303729D3FC0800781B31 /* Release */,
			);
			defaultConfigurationIsVisible = 0;
			defaultConfigurationName = Release;
		};
/* End XCConfigurationList section */
	};
	rootObject = 8879301E29D3FC0700781B31 /* Project object */;
}
